
Microsoft Visual Studio Solution File, Format Version 12.00
# Visual Studio Version 17
VisualStudioVersion = 17.12.35707.178 d17.12
MinimumVisualStudioVersion = 10.0.40219.1
Project("{FAE04EC0-301F-11D3-BF4B-00C04F79EFBC}") = "Api", "Api\Api.csproj", "{B55B03A2-F6B8-4B4F-8F09-92D513301E04}"
EndProject
Project("{FAE04EC0-301F-11D3-BF4B-00C04F79EFBC}") = "Domain", "Domain\Domain.csproj", "{3133565D-7B34-4FEA-B6D2-27B59924F731}"
EndProject
Project("{FAE04EC0-301F-11D3-BF4B-00C04F79EFBC}") = "Application", "Application\Application.csproj", "{249FE237-DBF5-440B-9958-299B0E157011}"
EndProject
Project("{FAE04EC0-301F-11D3-BF4B-00C04F79EFBC}") = "Infrastructure", "Infrastructure\Infrastructure.csproj", "{6AFA2C67-3522-47EC-89F6-AA148C49E66C}"
EndProject
Project("{FAE04EC0-301F-11D3-BF4B-00C04F79EFBC}") = "Contracts", "Contracts\Contracts.csproj", "{43C4EF62-3B72-4F41-AD6B-0254C85E08CE}"
EndProject
Global
	GlobalSection(SolutionConfigurationPlatforms) = preSolution
		Debug|Any CPU = Debug|Any CPU
		Release|Any CPU = Release|Any CPU
	EndGlobalSection
	GlobalSection(ProjectConfigurationPlatforms) = postSolution
		{B55B03A2-F6B8-4B4F-8F09-92D513301E04}.Debug|Any CPU.ActiveCfg = Debug|Any CPU
		{B55B03A2-F6B8-4B4F-8F09-92D513301E04}.Debug|Any CPU.Build.0 = Debug|Any CPU
		{B55B03A2-F6B8-4B4F-8F09-92D513301E04}.Release|Any CPU.ActiveCfg = Release|Any CPU
		{B55B03A2-F6B8-4B4F-8F09-92D513301E04}.Release|Any CPU.Build.0 = Release|Any CPU
		{3133565D-7B34-4FEA-B6D2-27B59924F731}.Debug|Any CPU.ActiveCfg = Debug|Any CPU
		{3133565D-7B34-4FEA-B6D2-27B59924F731}.Debug|Any CPU.Build.0 = Debug|Any CPU
		{3133565D-7B34-4FEA-B6D2-27B59924F731}.Release|Any CPU.ActiveCfg = Release|Any CPU
		{3133565D-7B34-4FEA-B6D2-27B59924F731}.Release|Any CPU.Build.0 = Release|Any CPU
		{249FE237-DBF5-440B-9958-299B0E157011}.Debug|Any CPU.ActiveCfg = Debug|Any CPU
		{249FE237-DBF5-440B-9958-299B0E157011}.Debug|Any CPU.Build.0 = Debug|Any CPU
		{249FE237-DBF5-440B-9958-299B0E157011}.Release|Any CPU.ActiveCfg = Release|Any CPU
		{249FE237-DBF5-440B-9958-299B0E157011}.Release|Any CPU.Build.0 = Release|Any CPU
		{6AFA2C67-3522-47EC-89F6-AA148C49E66C}.Debug|Any CPU.ActiveCfg = Debug|Any CPU
		{6AFA2C67-3522-47EC-89F6-AA148C49E66C}.Debug|Any CPU.Build.0 = Debug|Any CPU
		{6AFA2C67-3522-47EC-89F6-AA148C49E66C}.Release|Any CPU.ActiveCfg = Release|Any CPU
		{6AFA2C67-3522-47EC-89F6-AA148C49E66C}.Release|Any CPU.Build.0 = Release|Any CPU
		{43C4EF62-3B72-4F41-AD6B-0254C85E08CE}.Debug|Any CPU.ActiveCfg = Debug|Any CPU
		{43C4EF62-3B72-4F41-AD6B-0254C85E08CE}.Debug|Any CPU.Build.0 = Debug|Any CPU
		{43C4EF62-3B72-4F41-AD6B-0254C85E08CE}.Release|Any CPU.ActiveCfg = Release|Any CPU
		{43C4EF62-3B72-4F41-AD6B-0254C85E08CE}.Release|Any CPU.Build.0 = Release|Any CPU
	EndGlobalSection
	GlobalSection(SolutionProperties) = preSolution
		HideSolutionNode = FALSE
	EndGlobalSection
EndGlobal
